
Microsoft Visual Studio Solution File, Format Version 12.00
# Visual Studio Version 17
VisualStudioVersion = 17.7.34221.43
MinimumVisualStudioVersion = 10.0.40219.1
Project("{FAE04EC0-301F-11D3-BF4B-00C04F79EFBC}") = "BullsAndCows", "BullsAndCows\BullsAndCows.csproj", "{1A508F76-F7BF-4158-A327-2A64E858E736}"
EndProject
Project("{FAE04EC0-301F-11D3-BF4B-00C04F79EFBC}") = "UnitTestProject1", "UnitTestProject1\UnitTestProject1.csproj", "{89640671-B563-4AFE-9418-8FEBAD277776}"
EndProject
Global
	GlobalSection(SolutionConfigurationPlatforms) = preSolution
		Debug|Any CPU = Debug|Any CPU
		Release|Any CPU = Release|Any CPU
	EndGlobalSection
	GlobalSection(ProjectConfigurationPlatforms) = postSolution
		{1A508F76-F7BF-4158-A327-2A64E858E736}.Debug|Any CPU.ActiveCfg = Debug|Any CPU
		{1A508F76-F7BF-4158-A327-2A64E858E736}.Debug|Any CPU.Build.0 = Debug|Any CPU
		{1A508F76-F7BF-4158-A327-2A64E858E736}.Release|Any CPU.ActiveCfg = Release|Any CPU
		{1A508F76-F7BF-4158-A327-2A64E858E736}.Release|Any CPU.Build.0 = Release|Any CPU
		{89640671-B563-4AFE-9418-8FEBAD277776}.Debug|Any CPU.ActiveCfg = Debug|Any CPU
		{89640671-B563-4AFE-9418-8FEBAD277776}.Debug|Any CPU.Build.0 = Debug|Any CPU
		{89640671-B563-4AFE-9418-8FEBAD277776}.Release|Any CPU.ActiveCfg = Release|Any CPU
		{89640671-B563-4AFE-9418-8FEBAD277776}.Release|Any CPU.Build.0 = Release|Any CPU
	EndGlobalSection
	GlobalSection(SolutionProperties) = preSolution
		HideSolutionNode = FALSE
	EndGlobalSection
	GlobalSection(ExtensibilityGlobals) = postSolution
		SolutionGuid = {1F0A029D-1A7A-413B-9EFA-11AC778B4D77}
	EndGlobalSection
EndGlobal
